
Microsoft Visual Studio Solution File, Format Version 12.00
# Visual Studio Version 17
VisualStudioVersion = 17.7.34018.315
MinimumVisualStudioVersion = 10.0.40219.1
Project("{FAE04EC0-301F-11D3-BF4B-00C04F79EFBC}") = "MyDataStructures", "MyArrayProject\MyDataStructures.csproj", "{A86AB3EB-7E65-40BB-8FC0-BCF00A827C5B}"
EndProject
Project("{FAE04EC0-301F-11D3-BF4B-00C04F79EFBC}") = "DataStructures", "DataStructures\DataStructures.csproj", "{6A4AEA47-E515-4610-8692-FEED8F772CAE}"
EndProject
Global
	GlobalSection(SolutionConfigurationPlatforms) = preSolution
		Debug|Any CPU = Debug|Any CPU
		Release|Any CPU = Release|Any CPU
	EndGlobalSection
	GlobalSection(ProjectConfigurationPlatforms) = postSolution
		{A86AB3EB-7E65-40BB-8FC0-BCF00A827C5B}.Debug|Any CPU.ActiveCfg = Debug|Any CPU
		{A86AB3EB-7E65-40BB-8FC0-BCF00A827C5B}.Debug|Any CPU.Build.0 = Debug|Any CPU
		{A86AB3EB-7E65-40BB-8FC0-BCF00A827C5B}.Release|Any CPU.ActiveCfg = Release|Any CPU
		{A86AB3EB-7E65-40BB-8FC0-BCF00A827C5B}.Release|Any CPU.Build.0 = Release|Any CPU
		{6A4AEA47-E515-4610-8692-FEED8F772CAE}.Debug|Any CPU.ActiveCfg = Debug|Any CPU
		{6A4AEA47-E515-4610-8692-FEED8F772CAE}.Debug|Any CPU.Build.0 = Debug|Any CPU
		{6A4AEA47-E515-4610-8692-FEED8F772CAE}.Release|Any CPU.ActiveCfg = Release|Any CPU
		{6A4AEA47-E515-4610-8692-FEED8F772CAE}.Release|Any CPU.Build.0 = Release|Any CPU
	EndGlobalSection
	GlobalSection(SolutionProperties) = preSolution
		HideSolutionNode = FALSE
	EndGlobalSection
	GlobalSection(ExtensibilityGlobals) = postSolution
		SolutionGuid = {9A03C317-F3EF-4904-8BDA-28E86C608B25}
	EndGlobalSection
EndGlobal
